
Microsoft Visual Studio Solution File, Format Version 12.00
# Visual Studio Version 17
VisualStudioVersion = 17.4.33122.133
MinimumVisualStudioVersion = 10.0.40219.1
Project("{FAE04EC0-301F-11D3-BF4B-00C04F79EFBC}") = "MD.JWTApp.Back", "MD.JWTApp.Back\MD.JWTApp.Back.csproj", "{D7FB49CB-C53D-4934-ACEC-20EB11C91DBD}"
EndProject
Global
	GlobalSection(SolutionConfigurationPlatforms) = preSolution
		Debug|Any CPU = Debug|Any CPU
		Release|Any CPU = Release|Any CPU
	EndGlobalSection
	GlobalSection(ProjectConfigurationPlatforms) = postSolution
		{D7FB49CB-C53D-4934-ACEC-20EB11C91DBD}.Debug|Any CPU.ActiveCfg = Debug|Any CPU
		{D7FB49CB-C53D-4934-ACEC-20EB11C91DBD}.Debug|Any CPU.Build.0 = Debug|Any CPU
		{D7FB49CB-C53D-4934-ACEC-20EB11C91DBD}.Release|Any CPU.ActiveCfg = Release|Any CPU
		{D7FB49CB-C53D-4934-ACEC-20EB11C91DBD}.Release|Any CPU.Build.0 = Release|Any CPU
	EndGlobalSection
	GlobalSection(SolutionProperties) = preSolution
		HideSolutionNode = FALSE
	EndGlobalSection
	GlobalSection(ExtensibilityGlobals) = postSolution
		SolutionGuid = {04D35BE0-300F-4127-9974-F92D8E68B031}
	EndGlobalSection
EndGlobal
